
Microsoft Visual Studio Solution File, Format Version 12.00
# Visual Studio Version 17
VisualStudioVersion = 17.4.33205.214
MinimumVisualStudioVersion = 10.0.40219.1
Project("{888888A0-9F3D-457C-B088-3A5042F75D52}") = "Järjendid_Konjajev", "Järjendid_Konjajev.pyproj", "{169FA7E3-3663-4E22-9A1C-BC966E28B884}"
EndProject
Global
	GlobalSection(SolutionConfigurationPlatforms) = preSolution
		Debug|Any CPU = Debug|Any CPU
		Release|Any CPU = Release|Any CPU
	EndGlobalSection
	GlobalSection(ProjectConfigurationPlatforms) = postSolution
		{169FA7E3-3663-4E22-9A1C-BC966E28B884}.Debug|Any CPU.ActiveCfg = Debug|Any CPU
		{169FA7E3-3663-4E22-9A1C-BC966E28B884}.Release|Any CPU.ActiveCfg = Release|Any CPU
	EndGlobalSection
	GlobalSection(SolutionProperties) = preSolution
		HideSolutionNode = FALSE
	EndGlobalSection
	GlobalSection(ExtensibilityGlobals) = postSolution
		SolutionGuid = {AB07A14D-2C65-49BB-9C91-DB9B0358323E}
	EndGlobalSection
EndGlobal
